hash: 060a5f772978f7a4c2f2790cf1233bad6352956a865b4008fe2061ef8c6c43ce
updated: 2016-10-24T15:29:28.45149108Z
imports:
- name: github.com/kenjones-cisco/mergo
  version: 0149f50ea824b391564215914d0e54ac298dd216
- name: golang.org/x/tools
  version: c6efba04dd0d931bb11cd7f556285fa3c9305398
  subpackages:
  - godoc/vfs
  - godoc/vfs/zipfs
- name: gopkg.in/yaml.v2
  version: a5b47d31c556af34a302ce5d659e6fea44d90de0
testImports:
- name: github.com/davecgh/go-spew
  version: 6cf5744a041a0022271cefed95ba843f6d87fd51
  subpackages:
  - spew
